
Microsoft Visual Studio Solution File, Format Version 12.00
# Visual Studio 15
VisualStudioVersion = 15.0.27130.2003
MinimumVisualStudioVersion = 10.0.40219.1
Project("{9A19103F-16F7-4668-BE54-9A1E7A4F7556}") = "NameComApiClient", "NameComApiClient\NameComApiClient.csproj", "{AB5B0819-D03E-4127-8C6D-E62892251B2A}"
EndProject
Project("{FAE04EC0-301F-11D3-BF4B-00C04F79EFBC}") = "ClientRunner", "ClientRunner\ClientRunner.csproj", "{A1B104FE-DC30-4682-9B4E-6189E728A1AD}"
EndProject
Global
	GlobalSection(SolutionConfigurationPlatforms) = preSolution
		Debug|Any CPU = Debug|Any CPU
		Release|Any CPU = Release|Any CPU
	EndGlobalSection
	GlobalSection(ProjectConfigurationPlatforms) = postSolution
		{AB5B0819-D03E-4127-8C6D-E62892251B2A}.Debug|Any CPU.ActiveCfg = Debug|Any CPU
		{AB5B0819-D03E-4127-8C6D-E62892251B2A}.Debug|Any CPU.Build.0 = Debug|Any CPU
		{AB5B0819-D03E-4127-8C6D-E62892251B2A}.Release|Any CPU.ActiveCfg = Release|Any CPU
		{AB5B0819-D03E-4127-8C6D-E62892251B2A}.Release|Any CPU.Build.0 = Release|Any CPU
		{A1B104FE-DC30-4682-9B4E-6189E728A1AD}.Debug|Any CPU.ActiveCfg = Debug|Any CPU
		{A1B104FE-DC30-4682-9B4E-6189E728A1AD}.Debug|Any CPU.Build.0 = Debug|Any CPU
		{A1B104FE-DC30-4682-9B4E-6189E728A1AD}.Release|Any CPU.ActiveCfg = Release|Any CPU
		{A1B104FE-DC30-4682-9B4E-6189E728A1AD}.Release|Any CPU.Build.0 = Release|Any CPU
	EndGlobalSection
	GlobalSection(SolutionProperties) = preSolution
		HideSolutionNode = FALSE
	EndGlobalSection
	GlobalSection(ExtensibilityGlobals) = postSolution
		SolutionGuid = {E9766114-9E99-42EA-9701-97271BF76F91}
	EndGlobalSection
EndGlobal
